Microsoft Visual Studio Solution File, Format Version 8.00
Project("{8BC9CEB8-8B4A-11D0-8D11-00A0C91BC942}") = "Portal2DGame", "Portal2DGame\Portal2DGame.vcproj", "{8D07CBD3-4AE5-4020-A12A-7CEF9200833E}"
	ProjectSection(ProjectDependencies) = postProject
	EndProjectSection
EndProject
Global
	GlobalSection(SolutionConfiguration) = preSolution
		Debug = Debug
		Profile = Profile
		Profile_FastCap = Profile_FastCap
		Release = Release
		Release_LTCG = Release_LTCG
	EndGlobalSection
	GlobalSection(ProjectConfiguration) = postSolution
		{8D07CBD3-4AE5-4020-A12A-7CEF9200833E}.Debug.ActiveCfg = Debug|Xbox
		{8D07CBD3-4AE5-4020-A12A-7CEF9200833E}.Debug.Build.0 = Debug|Xbox
		{8D07CBD3-4AE5-4020-A12A-7CEF9200833E}.Profile.ActiveCfg = Profile|Xbox
		{8D07CBD3-4AE5-4020-A12A-7CEF9200833E}.Profile.Build.0 = Profile|Xbox
		{8D07CBD3-4AE5-4020-A12A-7CEF9200833E}.Profile_FastCap.ActiveCfg = Profile_FastCap|Xbox
		{8D07CBD3-4AE5-4020-A12A-7CEF9200833E}.Profile_FastCap.Build.0 = Profile_FastCap|Xbox
		{8D07CBD3-4AE5-4020-A12A-7CEF9200833E}.Release.ActiveCfg = Release|Xbox
		{8D07CBD3-4AE5-4020-A12A-7CEF9200833E}.Release.Build.0 = Release|Xbox
		{8D07CBD3-4AE5-4020-A12A-7CEF9200833E}.Release_LTCG.ActiveCfg = Release_LTCG|Xbox
		{8D07CBD3-4AE5-4020-A12A-7CEF9200833E}.Release_LTCG.Build.0 = Release_LTCG|Xbox
	EndGlobalSection
	GlobalSection(ExtensibilityGlobals) = postSolution
	EndGlobalSection
	GlobalSection(ExtensibilityAddIns) = postSolution
	EndGlobalSection
EndGlobal
